
Microsoft Visual Studio Solution File, Format Version 12.00
# Visual Studio Version 17
VisualStudioVersion = 17.5.33516.290
MinimumVisualStudioVersion = 10.0.40219.1
Project("{9A19103F-16F7-4668-BE54-9A1E7A4F7556}") = "CodeBridgeTestTask", "CodeBridgeTestTask\CodeBridgeTestTask.csproj", "{0334E1B4-BCA6-431B-908E-E9CD57246AE1}"
EndProject
Project("{9A19103F-16F7-4668-BE54-9A1E7A4F7556}") = "DAL.Interfaces", "DAL.Interfaces\DAL.Interfaces.csproj", "{A03C65F1-2172-47E6-A2F2-61640D22CE17}"
EndProject
Project("{9A19103F-16F7-4668-BE54-9A1E7A4F7556}") = "DAL", "DAL\DAL.csproj", "{4B440E7A-90A2-414A-BF96-2465D7496648}"
EndProject
Global
	GlobalSection(SolutionConfigurationPlatforms) = preSolution
		Debug|Any CPU = Debug|Any CPU
		Release|Any CPU = Release|Any CPU
	EndGlobalSection
	GlobalSection(ProjectConfigurationPlatforms) = postSolution
		{0334E1B4-BCA6-431B-908E-E9CD57246AE1}.Debug|Any CPU.ActiveCfg = Debug|Any CPU
		{0334E1B4-BCA6-431B-908E-E9CD57246AE1}.Debug|Any CPU.Build.0 = Debug|Any CPU
		{0334E1B4-BCA6-431B-908E-E9CD57246AE1}.Release|Any CPU.ActiveCfg = Release|Any CPU
		{0334E1B4-BCA6-431B-908E-E9CD57246AE1}.Release|Any CPU.Build.0 = Release|Any CPU
		{A03C65F1-2172-47E6-A2F2-61640D22CE17}.Debug|Any CPU.ActiveCfg = Debug|Any CPU
		{A03C65F1-2172-47E6-A2F2-61640D22CE17}.Debug|Any CPU.Build.0 = Debug|Any CPU
		{A03C65F1-2172-47E6-A2F2-61640D22CE17}.Release|Any CPU.ActiveCfg = Release|Any CPU
		{A03C65F1-2172-47E6-A2F2-61640D22CE17}.Release|Any CPU.Build.0 = Release|Any CPU
		{4B440E7A-90A2-414A-BF96-2465D7496648}.Debug|Any CPU.ActiveCfg = Debug|Any CPU
		{4B440E7A-90A2-414A-BF96-2465D7496648}.Debug|Any CPU.Build.0 = Debug|Any CPU
		{4B440E7A-90A2-414A-BF96-2465D7496648}.Release|Any CPU.ActiveCfg = Release|Any CPU
		{4B440E7A-90A2-414A-BF96-2465D7496648}.Release|Any CPU.Build.0 = Release|Any CPU
	EndGlobalSection
	GlobalSection(SolutionProperties) = preSolution
		HideSolutionNode = FALSE
	EndGlobalSection
	GlobalSection(ExtensibilityGlobals) = postSolution
		SolutionGuid = {08804A8C-9B42-4063-B463-64377C665565}
	EndGlobalSection
EndGlobal
